
Microsoft Visual Studio Solution File, Format Version 12.00
# Visual Studio 15
VisualStudioVersion = 15.0.26730.16
MinimumVisualStudioVersion = 10.0.40219.1
Project("{FAE04EC0-301F-11D3-BF4B-00C04F79EFBC}") = "EchoServer", "EchoServer\EchoServer.csproj", "{ED355F3F-E540-42F9-8512-DD3112675048}"
EndProject
Project("{FAE04EC0-301F-11D3-BF4B-00C04F79EFBC}") = "EchoClient", "EchoClient\EchoClient.csproj", "{0555AC19-DAB2-477D-A2D9-8052E3DC4523}"
EndProject
Global
	GlobalSection(SolutionConfigurationPlatforms) = preSolution
		Debug|Any CPU = Debug|Any CPU
		Debug|ARM = Debug|ARM
		Debug|x64 = Debug|x64
		Debug|x86 = Debug|x86
		Release|Any CPU = Release|Any CPU
		Release|ARM = Release|ARM
		Release|x64 = Release|x64
		Release|x86 = Release|x86
	EndGlobalSection
	GlobalSection(ProjectConfigurationPlatforms) = postSolution
		{ED355F3F-E540-42F9-8512-DD3112675048}.Debug|Any CPU.ActiveCfg = Debug|Any CPU
		{ED355F3F-E540-42F9-8512-DD3112675048}.Debug|Any CPU.Build.0 = Debug|Any CPU
		{ED355F3F-E540-42F9-8512-DD3112675048}.Debug|ARM.ActiveCfg = Debug|Any CPU
		{ED355F3F-E540-42F9-8512-DD3112675048}.Debug|ARM.Build.0 = Debug|Any CPU
		{ED355F3F-E540-42F9-8512-DD3112675048}.Debug|x64.ActiveCfg = Debug|Any CPU
		{ED355F3F-E540-42F9-8512-DD3112675048}.Debug|x64.Build.0 = Debug|Any CPU
		{ED355F3F-E540-42F9-8512-DD3112675048}.Debug|x86.ActiveCfg = Debug|Any CPU
		{ED355F3F-E540-42F9-8512-DD3112675048}.Debug|x86.Build.0 = Debug|Any CPU
		{ED355F3F-E540-42F9-8512-DD3112675048}.Release|Any CPU.ActiveCfg = Release|Any CPU
		{ED355F3F-E540-42F9-8512-DD3112675048}.Release|Any CPU.Build.0 = Release|Any CPU
		{ED355F3F-E540-42F9-8512-DD3112675048}.Release|ARM.ActiveCfg = Release|Any CPU
		{ED355F3F-E540-42F9-8512-DD3112675048}.Release|ARM.Build.0 = Release|Any CPU
		{ED355F3F-E540-42F9-8512-DD3112675048}.Release|x64.ActiveCfg = Release|Any CPU
		{ED355F3F-E540-42F9-8512-DD3112675048}.Release|x64.Build.0 = Release|Any CPU
		{ED355F3F-E540-42F9-8512-DD3112675048}.Release|x86.ActiveCfg = Release|Any CPU
		{ED355F3F-E540-42F9-8512-DD3112675048}.Release|x86.Build.0 = Release|Any CPU
		{0555AC19-DAB2-477D-A2D9-8052E3DC4523}.Debug|Any CPU.ActiveCfg = Debug|Any CPU
		{0555AC19-DAB2-477D-A2D9-8052E3DC4523}.Debug|Any CPU.Build.0 = Debug|Any CPU
		{0555AC19-DAB2-477D-A2D9-8052E3DC4523}.Debug|ARM.ActiveCfg = Debug|Any CPU
		{0555AC19-DAB2-477D-A2D9-8052E3DC4523}.Debug|ARM.Build.0 = Debug|Any CPU
		{0555AC19-DAB2-477D-A2D9-8052E3DC4523}.Debug|x64.ActiveCfg = Debug|Any CPU
		{0555AC19-DAB2-477D-A2D9-8052E3DC4523}.Debug|x64.Build.0 = Debug|Any CPU
		{0555AC19-DAB2-477D-A2D9-8052E3DC4523}.Debug|x86.ActiveCfg = Debug|Any CPU
		{0555AC19-DAB2-477D-A2D9-8052E3DC4523}.Debug|x86.Build.0 = Debug|Any CPU
		{0555AC19-DAB2-477D-A2D9-8052E3DC4523}.Release|Any CPU.ActiveCfg = Release|Any CPU
		{0555AC19-DAB2-477D-A2D9-8052E3DC4523}.Release|Any CPU.Build.0 = Release|Any CPU
		{0555AC19-DAB2-477D-A2D9-8052E3DC4523}.Release|ARM.ActiveCfg = Release|Any CPU
		{0555AC19-DAB2-477D-A2D9-8052E3DC4523}.Release|ARM.Build.0 = Release|Any CPU
		{0555AC19-DAB2-477D-A2D9-8052E3DC4523}.Release|x64.ActiveCfg = Release|Any CPU
		{0555AC19-DAB2-477D-A2D9-8052E3DC4523}.Release|x64.Build.0 = Release|Any CPU
		{0555AC19-DAB2-477D-A2D9-8052E3DC4523}.Release|x86.ActiveCfg = Release|Any CPU
		{0555AC19-DAB2-477D-A2D9-8052E3DC4523}.Release|x86.Build.0 = Release|Any CPU
	EndGlobalSection
	GlobalSection(SolutionProperties) = preSolution
		HideSolutionNode = FALSE
	EndGlobalSection
	GlobalSection(ExtensibilityGlobals) = postSolution
		SolutionGuid = {2D21DB15-BFF6-44D1-99B2-DB97562512C0}
	EndGlobalSection
EndGlobal
